// !$*UTF8*$!
{
	archiveVersion = 1;
	classes = {
	};
	objectVersion = 46;
	objects = {

/* Begin PBXBuildFile section */
		F2F214281BAA68FF00BF4B00 /* main.m in Sources */ = {isa = PBXBuildFile; fileRef = F2F214271BAA68FF00BF4B00 /* main.m */; };
		F2F2142B1BAA68FF00BF4B00 /* AppDelegate.m in Sources */ = {isa = PBXBuildFile; fileRef = F2F2142A1BAA68FF00BF4B00 /* AppDelegate.m */; };
		F2F2142E1BAA68FF00BF4B00 /* ViewController.m in Sources */ = {isa = PBXBuildFile; fileRef = F2F2142D1BAA68FF00BF4B00 /* ViewController.m */; };
		F2F214311BAA68FF00BF4B00 /* Main.storyboard in Resources */ = {isa = PBXBuildFile; fileRef = F2F2142F1BAA68FF00BF4B00 /* Main.storyboard */; };
		F2F214331BAA68FF00BF4B00 /* Images.xcassets in Resources */ = {isa = PBXBuildFile; fileRef = F2F214321BAA68FF00BF4B00 /* Images.xcassets */; };
		F2F214361BAA68FF00BF4B00 /* LaunchScreen.xib in Resources */ = {isa = PBXBuildFile; fileRef = F2F214341BAA68FF00BF4B00 /* LaunchScreen.xib */; };
		F2F214421BAA68FF00BF4B00 /* TestCocopodsDemoTests.m in Sources */ = {isa = PBXBuildFile; fileRef = F2F214411BAA68FF00BF4B00 /* TestCocopodsDemoTests.m */; };
		F2F2145B1BAA6E8900BF4B00 /* TestModel.m in Sources */ = {isa = PBXBuildFile; fileRef = F2F214581BAA6E8900BF4B00 /* TestModel.m */; };
		F2F2145C1BAA6E8900BF4B00 /* TestView.m in Sources */ = {isa = PBXBuildFile; fileRef = F2F2145A1BAA6E8900BF4B00 /* TestView.m */; };
		F2F214621BAA6F3200BF4B00 /* TestView.bundle in Resources */ = {isa = PBXBuildFile; fileRef = F2F214611BAA6F3200BF4B00 /* TestView.bundle */; };
/* End PBXBuildFile section */

/* Begin PBXContainerItemProxy section */
		F2F2143C1BAA68FF00BF4B00 /* PBXContainerItemProxy */ = {
			isa = PBXContainerItemProxy;
			containerPortal = F2F2141A1BAA68FF00BF4B00 /* Project object */;
			proxyType = 1;
			remoteGlobalIDString = F2F214211BAA68FF00BF4B00;
			remoteInfo = TestCocopodsDemo;
		};
/* End PBXContainerItemProxy section */

/* Begin PBXFileReference section */
		F2F214221BAA68FF00BF4B00 /* TestCocopodsDemo.app */ = {isa = PBXFileReference; explicitFileType = wrapper.application; includeInIndex = 0; path = TestCocopodsDemo.app; sourceTree = BUILT_PRODUCTS_DIR; };
		F2F214261BAA68FF00BF4B00 /* Info.plist */ = {isa = PBXFileReference; lastKnownFileType = text.plist.xml; path = Info.plist; sourceTree = "<group>"; };
		F2F214271BAA68FF00BF4B00 /* main.m */ = {isa = PBXFileReference; lastKnownFileType = sourcecode.c.objc; path = main.m; sourceTree = "<group>"; };
		F2F214291BAA68FF00BF4B00 /* AppDelegate.h */ = {isa = PBXFileReference; lastKnownFileType = sourcecode.c.h; path = AppDelegate.h; sourceTree = "<group>"; };
		F2F2142A1BAA68FF00BF4B00 /* AppDelegate.m */ = {isa = PBXFileReference; lastKnownFileType = sourcecode.c.objc; path = AppDelegate.m; sourceTree = "<group>"; };
		F2F2142C1BAA68FF00BF4B00 /* ViewController.h */ = {isa = PBXFileReference; lastKnownFileType = sourcecode.c.h; path = ViewController.h; sourceTree = "<group>"; };
		F2F2142D1BAA68FF00BF4B00 /* ViewController.m */ = {isa = PBXFileReference; lastKnownFileType = sourcecode.c.objc; path = ViewController.m; sourceTree = "<group>"; };
		F2F214301BAA68FF00BF4B00 /* Base */ = {isa = PBXFileReference; lastKnownFileType = file.storyboard; name = Base; path = Base.lproj/Main.storyboard; sourceTree = "<group>"; };
		F2F214321BAA68FF00BF4B00 /* Images.xcassets */ = {isa = PBXFileReference; lastKnownFileType = folder.assetcatalog; path = Images.xcassets; sourceTree = "<group>"; };
		F2F214351BAA68FF00BF4B00 /* Base */ = {isa = PBXFileReference; lastKnownFileType = file.xib; name = Base; path = Base.lproj/LaunchScreen.xib; sourceTree = "<group>"; };
		F2F2143B1BAA68FF00BF4B00 /* TestCocopodsDemoTests.xctest */ = {isa = PBXFileReference; explicitFileType = wrapper.cfbundle; includeInIndex = 0; path = TestCocopodsDemoTests.xctest; sourceTree = BUILT_PRODUCTS_DIR; };
		F2F214401BAA68FF00BF4B00 /* Info.plist */ = {isa = PBXFileReference; lastKnownFileType = text.plist.xml; path = Info.plist; sourceTree = "<group>"; };
		F2F214411BAA68FF00BF4B00 /* TestCocopodsDemoTests.m */ = {isa = PBXFileReference; lastKnownFileType = sourcecode.c.objc; path = TestCocopodsDemoTests.m; sourceTree = "<group>"; };
		F2F214571BAA6E8900BF4B00 /* TestModel.h */ = {isa = PBXFileReference; fileEncoding = 4; lastKnownFileType = sourcecode.c.h; path = TestModel.h; sourceTree = "<group>"; };
		F2F214581BAA6E8900BF4B00 /* TestModel.m */ = {isa = PBXFileReference; fileEncoding = 4; lastKnownFileType = sourcecode.c.objc; path = TestModel.m; sourceTree = "<group>"; };
		F2F214591BAA6E8900BF4B00 /* TestView.h */ = {isa = PBXFileReference; fileEncoding = 4; lastKnownFileType = sourcecode.c.h; path = TestView.h; sourceTree = "<group>"; };
		F2F2145A1BAA6E8900BF4B00 /* TestView.m */ = {isa = PBXFileReference; fileEncoding = 4; lastKnownFileType = sourcecode.c.objc; path = TestView.m; sourceTree = "<group>"; };
		F2F214611BAA6F3200BF4B00 /* TestView.bundle */ = {isa = PBXFileReference; lastKnownFileType = "wrapper.plug-in"; path = TestView.bundle; sourceTree = "<group>"; };
/* End PBXFileReference section */

/* Begin PBXFrameworksBuildPhase section */
		F2F2141F1BAA68FF00BF4B00 /* Frameworks */ = {
			isa = PBXFrameworksBuildPhase;
			buildActionMask = 2147483647;
			files = (
			);
			runOnlyForDeploymentPostprocessing = 0;
		};
		F2F214381BAA68FF00BF4B00 /* Frameworks */ = {
			isa = PBXFrameworksBuildPhase;
			buildActionMask = 2147483647;
			files = (
			);
			runOnlyForDeploymentPostprocessing = 0;
		};
/* End PBXFrameworksBuildPhase section */

/* Begin PBXGroup section */
		F2F214191BAA68FF00BF4B00 = {
			isa = PBXGroup;
			children = (
				F2F2144B1BAA695800BF4B00 /* TestView */,
				F2F214241BAA68FF00BF4B00 /* TestCocopodsDemo */,
				F2F2143E1BAA68FF00BF4B00 /* TestCocopodsDemoTests */,
				F2F214231BAA68FF00BF4B00 /* Products */,
			);
			sourceTree = "<group>";
		};
		F2F214231BAA68FF00BF4B00 /* Products */ = {
			isa = PBXGroup;
			children = (
				F2F214221BAA68FF00BF4B00 /* TestCocopodsDemo.app */,
				F2F2143B1BAA68FF00BF4B00 /* TestCocopodsDemoTests.xctest */,
			);
			name = Products;
			sourceTree = "<group>";
		};
		F2F214241BAA68FF00BF4B00 /* TestCocopodsDemo */ = {
			isa = PBXGroup;
			children = (
				F2F214291BAA68FF00BF4B00 /* AppDelegate.h */,
				F2F2142A1BAA68FF00BF4B00 /* AppDelegate.m */,
				F2F2142C1BAA68FF00BF4B00 /* ViewController.h */,
				F2F2142D1BAA68FF00BF4B00 /* ViewController.m */,
				F2F2142F1BAA68FF00BF4B00 /* Main.storyboard */,
				F2F214321BAA68FF00BF4B00 /* Images.xcassets */,
				F2F214341BAA68FF00BF4B00 /* LaunchScreen.xib */,
				F2F214251BAA68FF00BF4B00 /* Supporting Files */,
			);
			path = TestCocopodsDemo;
			sourceTree = "<group>";
		};
		F2F214251BAA68FF00BF4B00 /* Supporting Files */ = {
			isa = PBXGroup;
			children = (
				F2F214261BAA68FF00BF4B00 /* Info.plist */,
				F2F214271BAA68FF00BF4B00 /* main.m */,
			);
			name = "Supporting Files";
			sourceTree = "<group>";
		};
		F2F2143E1BAA68FF00BF4B00 /* TestCocopodsDemoTests */ = {
			isa = PBXGroup;
			children = (
				F2F214411BAA68FF00BF4B00 /* TestCocopodsDemoTests.m */,
				F2F2143F1BAA68FF00BF4B00 /* Supporting Files */,
			);
			path = TestCocopodsDemoTests;
			sourceTree = "<group>";
		};
		F2F2143F1BAA68FF00BF4B00 /* Supporting Files */ = {
			isa = PBXGroup;
			children = (
				F2F214401BAA68FF00BF4B00 /* Info.plist */,
			);
			name = "Supporting Files";
			sourceTree = "<group>";
		};
		F2F2144B1BAA695800BF4B00 /* TestView */ = {
			isa = PBXGroup;
			children = (
				F2F214571BAA6E8900BF4B00 /* TestModel.h */,
				F2F214581BAA6E8900BF4B00 /* TestModel.m */,
				F2F214591BAA6E8900BF4B00 /* TestView.h */,
				F2F2145A1BAA6E8900BF4B00 /* TestView.m */,
				F2F214611BAA6F3200BF4B00 /* TestView.bundle */,
			);
			name = TestView;
			path = ../TestView;
			sourceTree = "<group>";
		};
/* End PBXGroup section */

/* Begin PBXNativeTarget section */
		F2F214211BAA68FF00BF4B00 /* TestCocopodsDemo */ = {
			isa = PBXNativeTarget;
			buildConfigurationList = F2F214451BAA68FF00BF4B00 /* Build configuration list for PBXNativeTarget "TestCocopodsDemo" */;
			buildPhases = (
				F2F2141E1BAA68FF00BF4B00 /* Sources */,
				F2F2141F1BAA68FF00BF4B00 /* Frameworks */,
				F2F214201BAA68FF00BF4B00 /* Resources */,
			);
			buildRules = (
			);
			dependencies = (
			);
			name = TestCocopodsDemo;
			productName = TestCocopodsDemo;
			productReference = F2F214221BAA68FF00BF4B00 /* TestCocopodsDemo.app */;
			productType = "com.apple.product-type.application";
		};
		F2F2143A1BAA68FF00BF4B00 /* TestCocopodsDemoTests */ = {
			isa = PBXNativeTarget;
			buildConfigurationList = F2F214481BAA68FF00BF4B00 /* Build configuration list for PBXNativeTarget "TestCocopodsDemoTests" */;
			buildPhases = (
				F2F214371BAA68FF00BF4B00 /* Sources */,
				F2F214381BAA68FF00BF4B00 /* Frameworks */,
				F2F214391BAA68FF00BF4B00 /* Resources */,
			);
			buildRules = (
			);
			dependencies = (
				F2F2143D1BAA68FF00BF4B00 /* PBXTargetDependency */,
			);
			name = TestCocopodsDemoTests;
			productName = TestCocopodsDemoTests;
			productReference = F2F2143B1BAA68FF00BF4B00 /* TestCocopodsDemoTests.xctest */;
			productType = "com.apple.product-type.bundle.unit-test";
		};
/* End PBXNativeTarget section */

/* Begin PBXProject section */
		F2F2141A1BAA68FF00BF4B00 /* Project object */ = {
			isa = PBXProject;
			attributes = {
				LastUpgradeCheck = 0640;
				ORGANIZATIONNAME = devgj;
				TargetAttributes = {
					F2F214211BAA68FF00BF4B00 = {
						CreatedOnToolsVersion = 6.4;
					};
					F2F2143A1BAA68FF00BF4B00 = {
						CreatedOnToolsVersion = 6.4;
						TestTargetID = F2F214211BAA68FF00BF4B00;
					};
				};
			};
			buildConfigurationList = F2F2141D1BAA68FF00BF4B00 /* Build configuration list for PBXProject "TestCocopodsDemo" */;
			compatibilityVersion = "Xcode 3.2";
			developmentRegion = English;
			hasScannedForEncodings = 0;
			knownRegions = (
				en,
				Base,
			);
			mainGroup = F2F214191BAA68FF00BF4B00;
			productRefGroup = F2F214231BAA68FF00BF4B00 /* Products */;
			projectDirPath = "";
			projectRoot = "";
			targets = (
				F2F214211BAA68FF00BF4B00 /* TestCocopodsDemo */,
				F2F2143A1BAA68FF00BF4B00 /* TestCocopodsDemoTests */,
			);
		};
/* End PBXProject section */

/* Begin PBXResourcesBuildPhase section */
		F2F214201BAA68FF00BF4B00 /* Resources */ = {
			isa = PBXResourcesBuildPhase;
			buildActionMask = 2147483647;
			files = (
				F2F214311BAA68FF00BF4B00 /* Main.storyboard in Resources */,
				F2F214361BAA68FF00BF4B00 /* LaunchScreen.xib in Resources */,
				F2F214621BAA6F3200BF4B00 /* TestView.bundle in Resources */,
				F2F214331BAA68FF00BF4B00 /* Images.xcassets in Resources */,
			);
			runOnlyForDeploymentPostprocessing = 0;
		};
		F2F214391BAA68FF00BF4B00 /* Resources */ = {
			isa = PBXResourcesBuildPhase;
			buildActionMask = 2147483647;
			files = (
			);
			runOnlyForDeploymentPostprocessing = 0;
		};
/* End PBXResourcesBuildPhase section */

/* Begin PBXSourcesBuildPhase section */
		F2F2141E1BAA68FF00BF4B00 /* Sources */ = {
			isa = PBXSourcesBuildPhase;
			buildActionMask = 2147483647;
			files = (
				F2F2142E1BAA68FF00BF4B00 /* ViewController.m in Sources */,
				F2F2142B1BAA68FF00BF4B00 /* AppDelegate.m in Sources */,
				F2F2145C1BAA6E8900BF4B00 /* TestView.m in Sources */,
				F2F214281BAA68FF00BF4B00 /* main.m in Sources */,
				F2F2145B1BAA6E8900BF4B00 /* TestModel.m in Sources */,
			);
			runOnlyForDeploymentPostprocessing = 0;
		};
		F2F214371BAA68FF00BF4B00 /* Sources */ = {
			isa = PBXSourcesBuildPhase;
			buildActionMask = 2147483647;
			files = (
				F2F214421BAA68FF00BF4B00 /* TestCocopodsDemoTests.m in Sources */,
			);
			runOnlyForDeploymentPostprocessing = 0;
		};
/* End PBXSourcesBuildPhase section */

/* Begin PBXTargetDependency section */
		F2F2143D1BAA68FF00BF4B00 /* PBXTargetDependency */ = {
			isa = PBXTargetDependency;
			target = F2F214211BAA68FF00BF4B00 /* TestCocopodsDemo */;
			targetProxy = F2F2143C1BAA68FF00BF4B00 /* PBXContainerItemProxy */;
		};
/* End PBXTargetDependency section */

/* Begin PBXVariantGroup section */
		F2F2142F1BAA68FF00BF4B00 /* Main.storyboard */ = {
			isa = PBXVariantGroup;
			children = (
				F2F214301BAA68FF00BF4B00 /* Base */,
			);
			name = Main.storyboard;
			sourceTree = "<group>";
		};
		F2F214341BAA68FF00BF4B00 /* LaunchScreen.xib */ = {
			isa = PBXVariantGroup;
			children = (
				F2F214351BAA68FF00BF4B00 /* Base */,
			);
			name = LaunchScreen.xib;
			sourceTree = "<group>";
		};
/* End PBXVariantGroup section */

/* Begin XCBuildConfiguration section */
		F2F214431BAA68FF00BF4B00 /* Debug */ = {
			isa = XCBuildConfiguration;
			buildSettings = {
				ALWAYS_SEARCH_USER_PATHS = NO;
				CLANG_CXX_LANGUAGE_STANDARD = "gnu++0x";
				CLANG_CXX_LIBRARY = "libc++";
				CLANG_ENABLE_MODULES = YES;
				CLANG_ENABLE_OBJC_ARC = YES;
				CLANG_WARN_BOOL_CONVERSION = YES;
				CLANG_WARN_CONSTANT_CONVERSION = YES;
				CLANG_WARN_DIRECT_OBJC_ISA_USAGE = YES_ERROR;
				CLANG_WARN_EMPTY_BODY = YES;
				CLANG_WARN_ENUM_CONVERSION = YES;
				CLANG_WARN_INT_CONVERSION = YES;
				CLANG_WARN_OBJC_ROOT_CLASS = YES_ERROR;
				CLANG_WARN_UNREACHABLE_CODE = YES;
				CLANG_WARN__DUPLICATE_METHOD_MATCH = YES;
				"CODE_SIGN_IDENTITY[sdk=iphoneos*]" = "iPhone Developer";
				COPY_PHASE_STRIP = NO;
				DEBUG_INFORMATION_FORMAT = "dwarf-with-dsym";
				ENABLE_STRICT_OBJC_MSGSEND = YES;
				GCC_C_LANGUAGE_STANDARD = gnu99;
				GCC_DYNAMIC_NO_PIC = NO;
				GCC_NO_COMMON_BLOCKS = YES;
				GCC_OPTIMIZATION_LEVEL = 0;
				GCC_PREPROCESSOR_DEFINITIONS = (
					"DEBUG=1",
					"$(inherited)",
				);
				GCC_SYMBOLS_PRIVATE_EXTERN = NO;
				GCC_WARN_64_TO_32_BIT_CONVERSION = YES;
				GCC_WARN_ABOUT_RETURN_TYPE = YES_ERROR;
				GCC_WARN_UNDECLARED_SELECTOR = YES;
				GCC_WARN_UNINITIALIZED_AUTOS = YES_AGGRESSIVE;
				GCC_WARN_UNUSED_FUNCTION = YES;
				GCC_WARN_UNUSED_VARIABLE = YES;
				IPHONEOS_DEPLOYMENT_TARGET = 8.4;
				MTL_ENABLE_DEBUG_INFO = YES;
				ONLY_ACTIVE_ARCH = YES;
				SDKROOT = iphoneos;
				TARGETED_DEVICE_FAMILY = "1,2";
			};
			name = Debug;
		};
		F2F214441BAA68FF00BF4B00 /* Release */ = {
			isa = XCBuildConfiguration;
			buildSettings = {
				ALWAYS_SEARCH_USER_PATHS = NO;
				CLANG_CXX_LANGUAGE_STANDARD = "gnu++0x";
				CLANG_CXX_LIBRARY = "libc++";
				CLANG_ENABLE_MODULES = YES;
				CLANG_ENABLE_OBJC_ARC = YES;
				CLANG_WARN_BOOL_CONVERSION = YES;
				CLANG_WARN_CONSTANT_CONVERSION = YES;
				CLANG_WARN_DIRECT_OBJC_ISA_USAGE = YES_ERROR;
				CLANG_WARN_EMPTY_BODY = YES;
				CLANG_WARN_ENUM_CONVERSION = YES;
				CLANG_WARN_INT_CONVERSION = YES;
				CLANG_WARN_OBJC_ROOT_CLASS = YES_ERROR;
				CLANG_WARN_UNREACHABLE_CODE = YES;
				CLANG_WARN__DUPLICATE_METHOD_MATCH = YES;
				"CODE_SIGN_IDENTITY[sdk=iphoneos*]" = "iPhone Developer";
				COPY_PHASE_STRIP = NO;
				DEBUG_INFORMATION_FORMAT = "dwarf-with-dsym";
				ENABLE_NS_ASSERTIONS = NO;
				ENABLE_STRICT_OBJC_MSGSEND = YES;
				GCC_C_LANGUAGE_STANDARD = gnu99;
				GCC_NO_COMMON_BLOCKS = YES;
				GCC_WARN_64_TO_32_BIT_CONVERSION = YES;
				GCC_WARN_ABOUT_RETURN_TYPE = YES_ERROR;
				GCC_WARN_UNDECLARED_SELECTOR = YES;
				GCC_WARN_UNINITIALIZED_AUTOS = YES_AGGRESSIVE;
				GCC_WARN_UNUSED_FUNCTION = YES;
				GCC_WARN_UNUSED_VARIABLE = YES;
				IPHONEOS_DEPLOYMENT_TARGET = 8.4;
				MTL_ENABLE_DEBUG_INFO = NO;
				SDKROOT = iphoneos;
				TARGETED_DEVICE_FAMILY = "1,2";
				VALIDATE_PRODUCT = YES;
			};
			name = Release;
		};
		F2F214461BAA68FF00BF4B00 /* Debug */ = {
			isa = XCBuildConfiguration;
			buildSettings = {
				ASSETCATALOG_COMPILER_APPICON_NAME = AppIcon;
				INFOPLIST_FILE = TestCocopodsDemo/Info.plist;
				IPHONEOS_DEPLOYMENT_TARGET = 8.0;
				LD_RUNPATH_SEARCH_PATHS = "$(inherited) @executable_path/Frameworks";
				PRODUCT_NAME = "$(TARGET_NAME)";
			};
			name = Debug;
		};
		F2F214471BAA68FF00BF4B00 /* Release */ = {
			isa = XCBuildConfiguration;
			buildSettings = {
				ASSETCATALOG_COMPILER_APPICON_NAME = AppIcon;
				INFOPLIST_FILE = TestCocopodsDemo/Info.plist;
				IPHONEOS_DEPLOYMENT_TARGET = 8.0;
				LD_RUNPATH_SEARCH_PATHS = "$(inherited) @executable_path/Frameworks";
				PRODUCT_NAME = "$(TARGET_NAME)";
			};
			name = Release;
		};
		F2F214491BAA68FF00BF4B00 /* Debug */ = {
			isa = XCBuildConfiguration;
			buildSettings = {
				BUNDLE_LOADER = "$(TEST_HOST)";
				FRAMEWORK_SEARCH_PATHS = (
					"$(SDKROOT)/Developer/Library/Frameworks",
					"$(inherited)",
				);
				GCC_PREPROCESSOR_DEFINITIONS = (
					"DEBUG=1",
					"$(inherited)",
				);
				INFOPLIST_FILE = TestCocopodsDemoTests/Info.plist;
				LD_RUNPATH_SEARCH_PATHS = "$(inherited) @executable_path/Frameworks @loader_path/Frameworks";
				PRODUCT_NAME = "$(TARGET_NAME)";
				TEST_HOST = "$(BUILT_PRODUCTS_DIR)/TestCocopodsDemo.app/TestCocopodsDemo";
			};
			name = Debug;
		};
		F2F2144A1BAA68FF00BF4B00 /* Release */ = {
			isa = XCBuildConfiguration;
			buildSettings = {
				BUNDLE_LOADER = "$(TEST_HOST)";
				FRAMEWORK_SEARCH_PATHS = (
					"$(SDKROOT)/Developer/Library/Frameworks",
					"$(inherited)",
				);
				INFOPLIST_FILE = TestCocopodsDemoTests/Info.plist;
				LD_RUNPATH_SEARCH_PATHS = "$(inherited) @executable_path/Frameworks @loader_path/Frameworks";
				PRODUCT_NAME = "$(TARGET_NAME)";
				TEST_HOST = "$(BUILT_PRODUCTS_DIR)/TestCocopodsDemo.app/TestCocopodsDemo";
			};
			name = Release;
		};
/* End XCBuildConfiguration section */

/* Begin XCConfigurationList section */
		F2F2141D1BAA68FF00BF4B00 /* Build configuration list for PBXProject "TestCocopodsDemo" */ = {
			isa = XCConfigurationList;
			buildConfigurations = (
				F2F214431BAA68FF00BF4B00 /* Debug */,
				F2F214441BAA68FF00BF4B00 /* Release */,
			);
			defaultConfigurationIsVisible = 0;
			defaultConfigurationName = Release;
		};
		F2F214451BAA68FF00BF4B00 /* Build configuration list for PBXNativeTarget "TestCocopodsDemo" */ = {
			isa = XCConfigurationList;
			buildConfigurations = (
				F2F214461BAA68FF00BF4B00 /* Debug */,
				F2F214471BAA68FF00BF4B00 /* Release */,
			);
			defaultConfigurationIsVisible = 0;
			defaultConfigurationName = Release;
		};
		F2F214481BAA68FF00BF4B00 /* Build configuration list for PBXNativeTarget "TestCocopodsDemoTests" */ = {
			isa = XCConfigurationList;
			buildConfigurations = (
				F2F214491BAA68FF00BF4B00 /* Debug */,
				F2F2144A1BAA68FF00BF4B00 /* Release */,
			);
			defaultConfigurationIsVisible = 0;
			defaultConfigurationName = Release;
		};
/* End XCConfigurationList section */
	};
	rootObject = F2F2141A1BAA68FF00BF4B00 /* Project object */;
}
